{
  "name": "frontend",
  "lockfileVersion": 3,
  "requires": true,
  "packages": {
    "": {
      "dependencies": {
        "primeicons": "^7.0.0",
        "primeng": "^17.18.1"
      }
    },
    "node_modules/@angular/common": {
      "version": "18.0.4",
      "resolved": "https://registry.npmjs.org/@angular/common/-/common-18.0.4.tgz",
      "integrity": "sha512-7WxZKLzSu5QtyLGrtlZrtUQlP3WfDR++yHr5jF9DJZ3IY35UutwiPCegCcq4Qh5X2xWqnRKGm20TLlKVoj0t5Q==",
      "peer": true,
      "dependencies": {
        "tslib": "^2.3.0"
      },
      "engines": {
        "node": "^18.19.1 || ^20.11.1 || >=22.0.0"
      },
      "peerDependencies": {
        "@angular/core": "18.0.4",
        "rxjs": "^6.5.3 || ^7.4.0"
      }
    },
    "node_modules/@angular/core": {
      "version": "18.0.4",
      "resolved": "https://registry.npmjs.org/@angular/core/-/core-18.0.4.tgz",
      "integrity": "sha512-k0AUZbJc0eyzRexvKlR1sR0qNhe54Om9ln6lRn7y1+gAsg+OwFDyF427fFuzqpZVe/MmpvX3CXWdl0twZAYEiA==",
      "peer": true,
      "dependencies": {
        "tslib": "^2.3.0"
      },
      "engines": {
        "node": "^18.19.1 || ^20.11.1 || >=22.0.0"
      },
      "peerDependencies": {
        "rxjs": "^6.5.3 || ^7.4.0",
        "zone.js": "~0.14.0"
      }
    },
    "node_modules/@angular/forms": {
      "version": "18.0.4",
      "resolved": "https://registry.npmjs.org/@angular/forms/-/forms-18.0.4.tgz",
      "integrity": "sha512-LM2rVIuJa2fGxP0oCy0uFSGY6h9tyL64gtGp02QqKaVszG4oJ8wue0/VSbBtKyH0xEN4eOXDzOXbiahbtFhRZA==",
      "peer": true,
      "dependencies": {
        "tslib": "^2.3.0"
      },
      "engines": {
        "node": "^18.19.1 || ^20.11.1 || >=22.0.0"
      },
      "peerDependencies": {
        "@angular/common": "18.0.4",
        "@angular/core": "18.0.4",
        "@angular/platform-browser": "18.0.4",
        "rxjs": "^6.5.3 || ^7.4.0"
      }
    },
    "node_modules/@angular/platform-browser": {
      "version": "18.0.4",
      "resolved": "https://registry.npmjs.org/@angular/platform-browser/-/platform-browser-18.0.4.tgz",
      "integrity": "sha512-8TJEPzIRV89s1ZP9T+7g9K7PFNfec+4Xyw5BLaTRBOqjXHmMzk+miRx0L18Lr66rp5r2vbNEE9vojMVHQRwhVA==",
      "peer": true,
      "dependencies": {
        "tslib": "^2.3.0"
      },
      "engines": {
        "node": "^18.19.1 || ^20.11.1 || >=22.0.0"
      },
      "peerDependencies": {
        "@angular/animations": "18.0.4",
        "@angular/common": "18.0.4",
        "@angular/core": "18.0.4"
      },
      "peerDependenciesMeta": {
        "@angular/animations": {
          "optional": true
        }
      }
    },
    "node_modules/primeicons": {
      "version": "7.0.0",
      "resolved": "https://registry.npmjs.org/primeicons/-/primeicons-7.0.0.tgz",
      "integrity": "sha512-jK3Et9UzwzTsd6tzl2RmwrVY/b8raJ3QZLzoDACj+oTJ0oX7L9Hy+XnVwgo4QVKlKpnP/Ur13SXV/pVh4LzaDw=="
    },
    "node_modules/primeng": {
      "version": "17.18.1",
      "resolved": "https://registry.npmjs.org/primeng/-/primeng-17.18.1.tgz",
      "integrity": "sha512-pMuXOgLQw5Xz0w9d3YTp2DAlYR8svK1Jz5gSWAhk6AyH7u7akwL1JX96RXVzLS8v2YeLUCvkMM+QROOvR3yKug==",
      "dependencies": {
        "tslib": "^2.3.0"
      },
      "peerDependencies": {
        "@angular/common": "^17.0.0 || ^18.0.0",
        "@angular/core": "^17.0.0 || ^18.0.0",
        "@angular/forms": "^17.0.0 || ^18.0.0",
        "rxjs": "^6.0.0 || ^7.8.1",
        "zone.js": "~0.14.0"
      }
    },
    "node_modules/rxjs": {
      "version": "7.8.1",
      "resolved": "https://registry.npmjs.org/rxjs/-/rxjs-7.8.1.tgz",
      "integrity": "sha512-AA3TVj+0A2iuIoQkWEK/tqFjBq2j+6PO6Y0zJcvzLAFhEFIO3HL0vls9hWLncZbAAbK0mar7oZ4V079I/qPMxg==",
      "peer": true,
      "dependencies": {
        "tslib": "^2.1.0"
      }
    },
    "node_modules/tslib": {
      "version": "2.6.3",
      "resolved": "https://registry.npmjs.org/tslib/-/tslib-2.6.3.tgz",
      "integrity": "sha512-xNvxJEOUiWPGhUuUdQgAJPKOOJfGnIyKySOc09XkKsgdUV/3E2zvwZYdejjmRgPCgcym1juLH3226yA7sEFJKQ=="
    },
    "node_modules/zone.js": {
      "version": "0.14.7",
      "resolved": "https://registry.npmjs.org/zone.js/-/zone.js-0.14.7.tgz",
      "integrity": "sha512-0w6DGkX2BPuiK/NLf+4A8FLE43QwBfuqz2dVgi/40Rj1WmqUskCqj329O/pwrqFJLG5X8wkeG2RhIAro441xtg==",
      "peer": true
    }
  }
}
